// !$*UTF8*$!
{
	archiveVersion = 1;
	classes = {
	};
	objectVersion = 48;
	objects = {

/* Begin PBXBuildFile section */
		418A02CA2016CBF8004786A2 /* UIColor+SGColor.m in Sources */ = {isa = PBXBuildFile; fileRef = 418A02C82016CBF7004786A2 /* UIColor+SGColor.m */; };
		8468DEE01FC45B79006A239E /* Assets.xcassets in Resources */ = {isa = PBXBuildFile; fileRef = 8468DEDF1FC45B79006A239E /* Assets.xcassets */; };
		8468DEE31FC45B79006A239E /* LaunchScreen.storyboard in Resources */ = {isa = PBXBuildFile; fileRef = 8468DEE11FC45B79006A239E /* LaunchScreen.storyboard */; };
		8468DEF61FC460CE006A239E /* AppDelegate.m in Sources */ = {isa = PBXBuildFile; fileRef = 8468DEF31FC460CE006A239E /* AppDelegate.m */; };
		8468DEF71FC460CE006A239E /* Info.plist in Resources */ = {isa = PBXBuildFile; fileRef = 8468DEF41FC460CE006A239E /* Info.plist */; };
		8468DEF81FC460CE006A239E /* main.m in Sources */ = {isa = PBXBuildFile; fileRef = 8468DEF51FC460CE006A239E /* main.m */; };
		8468DF011FC46226006A239E /* SGBaseViewController.m in Sources */ = {isa = PBXBuildFile; fileRef = 8468DF001FC46226006A239E /* SGBaseViewController.m */; };
		8468DF041FC4623B006A239E /* SGBaseNavigationViewController.m in Sources */ = {isa = PBXBuildFile; fileRef = 8468DF031FC4623B006A239E /* SGBaseNavigationViewController.m */; };
		8468DF101FC466F7006A239E /* SGHomeViewController.m in Sources */ = {isa = PBXBuildFile; fileRef = 8468DF0F1FC466F7006A239E /* SGHomeViewController.m */; };
		8468DF131FC46AB7006A239E /* SGUrlConfig.m in Sources */ = {isa = PBXBuildFile; fileRef = 8468DF121FC46AB7006A239E /* SGUrlConfig.m */; };
		CE285DFBF8E53E2763C12B55 /* libPods-StudyGolang.a in Frameworks */ = {isa = PBXBuildFile; fileRef = 6F793720079B6D2905707AC0 /* libPods-StudyGolang.a */; };
/* End PBXBuildFile section */

/* Begin PBXFileReference section */
		1CB785E32DE1EE49C69A7998 /* Pods-StudyGolang.release.xcconfig */ = {isa = PBXFileReference; includeInIndex = 1; lastKnownFileType = text.xcconfig; name = "Pods-StudyGolang.release.xcconfig"; path = "Pods/Target Support Files/Pods-StudyGolang/Pods-StudyGolang.release.xcconfig"; sourceTree = "<group>"; };
		418A02C82016CBF7004786A2 /* UIColor+SGColor.m */ = {isa = PBXFileReference; fileEncoding = 4; lastKnownFileType = sourcecode.c.objc; path = "UIColor+SGColor.m"; sourceTree = "<group>"; };
		418A02C92016CBF8004786A2 /* UIColor+SGColor.h */ = {isa = PBXFileReference; fileEncoding = 4; lastKnownFileType = sourcecode.c.h; path = "UIColor+SGColor.h"; sourceTree = "<group>"; };
		49E796FE71C1EF2E74594D4B /* Pods-StudyGolang.debug.xcconfig */ = {isa = PBXFileReference; includeInIndex = 1; lastKnownFileType = text.xcconfig; name = "Pods-StudyGolang.debug.xcconfig"; path = "Pods/Target Support Files/Pods-StudyGolang/Pods-StudyGolang.debug.xcconfig"; sourceTree = "<group>"; };
		6F793720079B6D2905707AC0 /* libPods-StudyGolang.a */ = {isa = PBXFileReference; explicitFileType = archive.ar; includeInIndex = 0; path = "libPods-StudyGolang.a"; sourceTree = BUILT_PRODUCTS_DIR; };
		8468DED31FC45B78006A239E /* StudyGolang.app */ = {isa = PBXFileReference; explicitFileType = wrapper.application; includeInIndex = 0; path = StudyGolang.app; sourceTree = BUILT_PRODUCTS_DIR; };
		8468DEDF1FC45B79006A239E /* Assets.xcassets */ = {isa = PBXFileReference; lastKnownFileType = folder.assetcatalog; path = Assets.xcassets; sourceTree = "<group>"; };
		8468DEE21FC45B79006A239E /* Base */ = {isa = PBXFileReference; lastKnownFileType = file.storyboard; name = Base; path = Base.lproj/LaunchScreen.storyboard; sourceTree = "<group>"; };
		8468DEF21FC460CE006A239E /* AppDelegate.h */ = {isa = PBXFileReference; fileEncoding = 4; lastKnownFileType = sourcecode.c.h; path = AppDelegate.h; sourceTree = "<group>"; };
		8468DEF31FC460CE006A239E /* AppDelegate.m */ = {isa = PBXFileReference; fileEncoding = 4; lastKnownFileType = sourcecode.c.objc; path = AppDelegate.m; sourceTree = "<group>"; };
		8468DEF41FC460CE006A239E /* Info.plist */ = {isa = PBXFileReference; fileEncoding = 4; lastKnownFileType = text.plist.xml; path = Info.plist; sourceTree = "<group>"; };
		8468DEF51FC460CE006A239E /* main.m */ = {isa = PBXFileReference; fileEncoding = 4; lastKnownFileType = sourcecode.c.objc; path = main.m; sourceTree = "<group>"; };
		8468DEFF1FC46226006A239E /* SGBaseViewController.h */ = {isa = PBXFileReference; lastKnownFileType = sourcecode.c.h; path = SGBaseViewController.h; sourceTree = "<group>"; };
		8468DF001FC46226006A239E /* SGBaseViewController.m */ = {isa = PBXFileReference; lastKnownFileType = sourcecode.c.objc; path = SGBaseViewController.m; sourceTree = "<group>"; };
		8468DF021FC4623B006A239E /* SGBaseNavigationViewController.h */ = {isa = PBXFileReference; lastKnownFileType = sourcecode.c.h; path = SGBaseNavigationViewController.h; sourceTree = "<group>"; };
		8468DF031FC4623B006A239E /* SGBaseNavigationViewController.m */ = {isa = PBXFileReference; lastKnownFileType = sourcecode.c.objc; path = SGBaseNavigationViewController.m; sourceTree = "<group>"; };
		8468DF0D1FC46556006A239E /* SGPrefix.pch */ = {isa = PBXFileReference; lastKnownFileType = sourcecode.c.h; path = SGPrefix.pch; sourceTree = "<group>"; };
		8468DF0E1FC466F7006A239E /* SGHomeViewController.h */ = {isa = PBXFileReference; lastKnownFileType = sourcecode.c.h; path = SGHomeViewController.h; sourceTree = "<group>"; };
		8468DF0F1FC466F7006A239E /* SGHomeViewController.m */ = {isa = PBXFileReference; lastKnownFileType = sourcecode.c.objc; path = SGHomeViewController.m; sourceTree = "<group>"; };
		8468DF111FC46AB7006A239E /* SGUrlConfig.h */ = {isa = PBXFileReference; lastKnownFileType = sourcecode.c.h; path = SGUrlConfig.h; sourceTree = "<group>"; };
		8468DF121FC46AB7006A239E /* SGUrlConfig.m */ = {isa = PBXFileReference; lastKnownFileType = sourcecode.c.objc; path = SGUrlConfig.m; sourceTree = "<group>"; };
/* End PBXFileReference section */

/* Begin PBXFrameworksBuildPhase section */
		8468DED01FC45B78006A239E /* Frameworks */ = {
			isa = PBXFrameworksBuildPhase;
			buildActionMask = 2147483647;
			files = (
				CE285DFBF8E53E2763C12B55 /* libPods-StudyGolang.a in Frameworks */,
			);
			runOnlyForDeploymentPostprocessing = 0;
		};
/* End PBXFrameworksBuildPhase section */

/* Begin PBXGroup section */
		418A02C52016C8E9004786A2 /* Views */ = {
			isa = PBXGroup;
			children = (
			);
			path = Views;
			sourceTree = "<group>";
		};
		418A02C62016C8E9004786A2 /* Models */ = {
			isa = PBXGroup;
			children = (
			);
			path = Models;
			sourceTree = "<group>";
		};
		418A02C72016CBEC004786A2 /* Category */ = {
			isa = PBXGroup;
			children = (
				418A02C92016CBF8004786A2 /* UIColor+SGColor.h */,
				418A02C82016CBF7004786A2 /* UIColor+SGColor.m */,
			);
			path = Category;
			sourceTree = "<group>";
		};
		8468DECA1FC45B78006A239E = {
			isa = PBXGroup;
			children = (
				8468DED51FC45B78006A239E /* StudyGolang */,
				8468DED41FC45B78006A239E /* Products */,
				AAFD06B2E970A3387787D44B /* Pods */,
				FE107B933579ADA57D9CB81A /* Frameworks */,
			);
			sourceTree = "<group>";
		};
		8468DED41FC45B78006A239E /* Products */ = {
			isa = PBXGroup;
			children = (
				8468DED31FC45B78006A239E /* StudyGolang.app */,
			);
			name = Products;
			sourceTree = "<group>";
		};
		8468DED51FC45B78006A239E /* StudyGolang */ = {
			isa = PBXGroup;
			children = (
				8468DEF41FC460CE006A239E /* Info.plist */,
				8468DEDF1FC45B79006A239E /* Assets.xcassets */,
				8468DEE11FC45B79006A239E /* LaunchScreen.storyboard */,
				8468DEF11FC460CE006A239E /* Other */,
				8468DEEC1FC4605E006A239E /* General */,
				8468DEF01FC460CE006A239E /* Module */,
			);
			path = StudyGolang;
			sourceTree = "<group>";
		};
		8468DEEC1FC4605E006A239E /* General */ = {
			isa = PBXGroup;
			children = (
				418A02C72016CBEC004786A2 /* Category */,
				8468DEED1FC4605E006A239E /* Base */,
				8468DEEF1FC4605E006A239E /* Network */,
			);
			path = General;
			sourceTree = "<group>";
		};
		8468DEED1FC4605E006A239E /* Base */ = {
			isa = PBXGroup;
			children = (
				8468DEFF1FC46226006A239E /* SGBaseViewController.h */,
				8468DF001FC46226006A239E /* SGBaseViewController.m */,
				8468DF021FC4623B006A239E /* SGBaseNavigationViewController.h */,
				8468DF031FC4623B006A239E /* SGBaseNavigationViewController.m */,
			);
			path = Base;
			sourceTree = "<group>";
		};
		8468DEEF1FC4605E006A239E /* Network */ = {
			isa = PBXGroup;
			children = (
				8468DF111FC46AB7006A239E /* SGUrlConfig.h */,
				8468DF121FC46AB7006A239E /* SGUrlConfig.m */,
			);
			path = Network;
			sourceTree = "<group>";
		};
		8468DEF01FC460CE006A239E /* Module */ = {
			isa = PBXGroup;
			children = (
				8468DF051FC46277006A239E /* MainTab */,
			);
			path = Module;
			sourceTree = "<group>";
		};
		8468DEF11FC460CE006A239E /* Other */ = {
			isa = PBXGroup;
			children = (
				8468DF0D1FC46556006A239E /* SGPrefix.pch */,
				8468DEF21FC460CE006A239E /* AppDelegate.h */,
				8468DEF31FC460CE006A239E /* AppDelegate.m */,
				8468DEF51FC460CE006A239E /* main.m */,
			);
			path = Other;
			sourceTree = "<group>";
		};
		8468DF051FC46277006A239E /* MainTab */ = {
			isa = PBXGroup;
			children = (
				8468DF061FC46277006A239E /* Controllers */,
				418A02C62016C8E9004786A2 /* Models */,
				418A02C52016C8E9004786A2 /* Views */,
			);
			path = MainTab;
			sourceTree = "<group>";
		};
		8468DF061FC46277006A239E /* Controllers */ = {
			isa = PBXGroup;
			children = (
				8468DF0E1FC466F7006A239E /* SGHomeViewController.h */,
				8468DF0F1FC466F7006A239E /* SGHomeViewController.m */,
			);
			path = Controllers;
			sourceTree = "<group>";
		};
		AAFD06B2E970A3387787D44B /* Pods */ = {
			isa = PBXGroup;
			children = (
				49E796FE71C1EF2E74594D4B /* Pods-StudyGolang.debug.xcconfig */,
				1CB785E32DE1EE49C69A7998 /* Pods-StudyGolang.release.xcconfig */,
			);
			name = Pods;
			sourceTree = "<group>";
		};
		FE107B933579ADA57D9CB81A /* Frameworks */ = {
			isa = PBXGroup;
			children = (
				6F793720079B6D2905707AC0 /* libPods-StudyGolang.a */,
			);
			name = Frameworks;
			sourceTree = "<group>";
		};
/* End PBXGroup section */

/* Begin PBXNativeTarget section */
		8468DED21FC45B78006A239E /* StudyGolang */ = {
			isa = PBXNativeTarget;
			buildConfigurationList = 8468DEE91FC45B79006A239E /* Build configuration list for PBXNativeTarget "StudyGolang" */;
			buildPhases = (
				3FA1E301D2D3FA51DD941801 /* [CP] Check Pods Manifest.lock */,
				8468DECF1FC45B78006A239E /* Sources */,
				8468DED01FC45B78006A239E /* Frameworks */,
				8468DED11FC45B78006A239E /* Resources */,
				6C25A38DA29871EC6D05B89A /* [CP] Embed Pods Frameworks */,
				F8E49D5B37E9C8C9FD45602B /* [CP] Copy Pods Resources */,
			);
			buildRules = (
			);
			dependencies = (
			);
			name = StudyGolang;
			productName = StudyGolang;
			productReference = 8468DED31FC45B78006A239E /* StudyGolang.app */;
			productType = "com.apple.product-type.application";
		};
/* End PBXNativeTarget section */

/* Begin PBXProject section */
		8468DECB1FC45B78006A239E /* Project object */ = {
			isa = PBXProject;
			attributes = {
				LastUpgradeCheck = 0910;
				ORGANIZATIONNAME = admin;
				TargetAttributes = {
					8468DED21FC45B78006A239E = {
						CreatedOnToolsVersion = 9.1;
						ProvisioningStyle = Automatic;
					};
				};
			};
			buildConfigurationList = 8468DECE1FC45B78006A239E /* Build configuration list for PBXProject "StudyGolang" */;
			compatibilityVersion = "Xcode 8.0";
			developmentRegion = en;
			hasScannedForEncodings = 0;
			knownRegions = (
				en,
				Base,
			);
			mainGroup = 8468DECA1FC45B78006A239E;
			productRefGroup = 8468DED41FC45B78006A239E /* Products */;
			projectDirPath = "";
			projectRoot = "";
			targets = (
				8468DED21FC45B78006A239E /* StudyGolang */,
			);
		};
/* End PBXProject section */

/* Begin PBXResourcesBuildPhase section */
		8468DED11FC45B78006A239E /* Resources */ = {
			isa = PBXResourcesBuildPhase;
			buildActionMask = 2147483647;
			files = (
				8468DEE31FC45B79006A239E /* LaunchScreen.storyboard in Resources */,
				8468DEE01FC45B79006A239E /* Assets.xcassets in Resources */,
				8468DEF71FC460CE006A239E /* Info.plist in Resources */,
			);
			runOnlyForDeploymentPostprocessing = 0;
		};
/* End PBXResourcesBuildPhase section */

/* Begin PBXShellScriptBuildPhase section */
		3FA1E301D2D3FA51DD941801 /* [CP] Check Pods Manifest.lock */ = {
			isa = PBXShellScriptBuildPhase;
			buildActionMask = 2147483647;
			files = (
			);
			inputPaths = (
			);
			name = "[CP] Check Pods Manifest.lock";
			outputPaths = (
			);
			runOnlyForDeploymentPostprocessing = 0;
			shellPath = /bin/sh;
			shellScript = "diff \"${PODS_PODFILE_DIR_PATH}/Podfile.lock\" \"${PODS_ROOT}/Manifest.lock\" > /dev/null\nif [ $? != 0 ] ; then\n    # print error to STDERR\n    echo \"error: The sandbox is not in sync with the Podfile.lock. Run 'pod install' or update your CocoaPods installation.\" >&2\n    exit 1\nfi\n";
			showEnvVarsInLog = 0;
		};
		6C25A38DA29871EC6D05B89A /* [CP] Embed Pods Frameworks */ = {
			isa = PBXShellScriptBuildPhase;
			buildActionMask = 2147483647;
			files = (
			);
			inputPaths = (
			);
			name = "[CP] Embed Pods Frameworks";
			outputPaths = (
			);
			runOnlyForDeploymentPostprocessing = 0;
			shellPath = /bin/sh;
			shellScript = "\"${SRCROOT}/Pods/Target Support Files/Pods-StudyGolang/Pods-StudyGolang-frameworks.sh\"\n";
			showEnvVarsInLog = 0;
		};
		F8E49D5B37E9C8C9FD45602B /* [CP] Copy Pods Resources */ = {
			isa = PBXShellScriptBuildPhase;
			buildActionMask = 2147483647;
			files = (
			);
			inputPaths = (
			);
			name = "[CP] Copy Pods Resources";
			outputPaths = (
			);
			runOnlyForDeploymentPostprocessing = 0;
			shellPath = /bin/sh;
			shellScript = "\"${SRCROOT}/Pods/Target Support Files/Pods-StudyGolang/Pods-StudyGolang-resources.sh\"\n";
			showEnvVarsInLog = 0;
		};
/* End PBXShellScriptBuildPhase section */

/* Begin PBXSourcesBuildPhase section */
		8468DECF1FC45B78006A239E /* Sources */ = {
			isa = PBXSourcesBuildPhase;
			buildActionMask = 2147483647;
			files = (
				418A02CA2016CBF8004786A2 /* UIColor+SGColor.m in Sources */,
				8468DF101FC466F7006A239E /* SGHomeViewController.m in Sources */,
				8468DF011FC46226006A239E /* SGBaseViewController.m in Sources */,
				8468DEF81FC460CE006A239E /* main.m in Sources */,
				8468DF041FC4623B006A239E /* SGBaseNavigationViewController.m in Sources */,
				8468DEF61FC460CE006A239E /* AppDelegate.m in Sources */,
				8468DF131FC46AB7006A239E /* SGUrlConfig.m in Sources */,
			);
			runOnlyForDeploymentPostprocessing = 0;
		};
/* End PBXSourcesBuildPhase section */

/* Begin PBXVariantGroup section */
		8468DEE11FC45B79006A239E /* LaunchScreen.storyboard */ = {
			isa = PBXVariantGroup;
			children = (
				8468DEE21FC45B79006A239E /* Base */,
			);
			name = LaunchScreen.storyboard;
			sourceTree = "<group>";
		};
/* End PBXVariantGroup section */

/* Begin XCBuildConfiguration section */
		8468DEE71FC45B79006A239E /* Debug */ = {
			isa = XCBuildConfiguration;
			buildSettings = {
				ALWAYS_SEARCH_USER_PATHS = NO;
				CLANG_ANALYZER_NONNULL = YES;
				CLANG_ANALYZER_NUMBER_OBJECT_CONVERSION = YES_AGGRESSIVE;
				CLANG_CXX_LANGUAGE_STANDARD = "gnu++14";
				CLANG_CXX_LIBRARY = "libc++";
				CLANG_ENABLE_MODULES = YES;
				CLANG_ENABLE_OBJC_ARC = YES;
				CLANG_WARN_BLOCK_CAPTURE_AUTORELEASING = YES;
				CLANG_WARN_BOOL_CONVERSION = YES;
				CLANG_WARN_COMMA = YES;
				CLANG_WARN_CONSTANT_CONVERSION = YES;
				CLANG_WARN_DIRECT_OBJC_ISA_USAGE = YES_ERROR;
				CLANG_WARN_DOCUMENTATION_COMMENTS = YES;
				CLANG_WARN_EMPTY_BODY = YES;
				CLANG_WARN_ENUM_CONVERSION = YES;
				CLANG_WARN_INFINITE_RECURSION = YES;
				CLANG_WARN_INT_CONVERSION = YES;
				CLANG_WARN_NON_LITERAL_NULL_CONVERSION = YES;
				CLANG_WARN_OBJC_LITERAL_CONVERSION = YES;
				CLANG_WARN_OBJC_ROOT_CLASS = YES_ERROR;
				CLANG_WARN_RANGE_LOOP_ANALYSIS = YES;
				CLANG_WARN_STRICT_PROTOTYPES = YES;
				CLANG_WARN_SUSPICIOUS_MOVE = YES;
				CLANG_WARN_UNGUARDED_AVAILABILITY = YES_AGGRESSIVE;
				CLANG_WARN_UNREACHABLE_CODE = YES;
				CLANG_WARN__DUPLICATE_METHOD_MATCH = YES;
				CODE_SIGN_IDENTITY = "iPhone Developer";
				COPY_PHASE_STRIP = NO;
				DEBUG_INFORMATION_FORMAT = dwarf;
				ENABLE_STRICT_OBJC_MSGSEND = YES;
				ENABLE_TESTABILITY = YES;
				GCC_C_LANGUAGE_STANDARD = gnu11;
				GCC_DYNAMIC_NO_PIC = NO;
				GCC_NO_COMMON_BLOCKS = YES;
				GCC_OPTIMIZATION_LEVEL = 0;
				GCC_PREPROCESSOR_DEFINITIONS = (
					"DEBUG=1",
					"$(inherited)",
				);
				GCC_WARN_64_TO_32_BIT_CONVERSION = YES;
				GCC_WARN_ABOUT_RETURN_TYPE = YES_ERROR;
				GCC_WARN_UNDECLARED_SELECTOR = YES;
				GCC_WARN_UNINITIALIZED_AUTOS = YES_AGGRESSIVE;
				GCC_WARN_UNUSED_FUNCTION = YES;
				GCC_WARN_UNUSED_VARIABLE = YES;
				IPHONEOS_DEPLOYMENT_TARGET = 11.1;
				MTL_ENABLE_DEBUG_INFO = YES;
				ONLY_ACTIVE_ARCH = YES;
				SDKROOT = iphoneos;
			};
			name = Debug;
		};
		8468DEE81FC45B79006A239E /* Release */ = {
			isa = XCBuildConfiguration;
			buildSettings = {
				ALWAYS_SEARCH_USER_PATHS = NO;
				CLANG_ANALYZER_NONNULL = YES;
				CLANG_ANALYZER_NUMBER_OBJECT_CONVERSION = YES_AGGRESSIVE;
				CLANG_CXX_LANGUAGE_STANDARD = "gnu++14";
				CLANG_CXX_LIBRARY = "libc++";
				CLANG_ENABLE_MODULES = YES;
				CLANG_ENABLE_OBJC_ARC = YES;
				CLANG_WARN_BLOCK_CAPTURE_AUTORELEASING = YES;
				CLANG_WARN_BOOL_CONVERSION = YES;
				CLANG_WARN_COMMA = YES;
				CLANG_WARN_CONSTANT_CONVERSION = YES;
				CLANG_WARN_DIRECT_OBJC_ISA_USAGE = YES_ERROR;
				CLANG_WARN_DOCUMENTATION_COMMENTS = YES;
				CLANG_WARN_EMPTY_BODY = YES;
				CLANG_WARN_ENUM_CONVERSION = YES;
				CLANG_WARN_INFINITE_RECURSION = YES;
				CLANG_WARN_INT_CONVERSION = YES;
				CLANG_WARN_NON_LITERAL_NULL_CONVERSION = YES;
				CLANG_WARN_OBJC_LITERAL_CONVERSION = YES;
				CLANG_WARN_OBJC_ROOT_CLASS = YES_ERROR;
				CLANG_WARN_RANGE_LOOP_ANALYSIS = YES;
				CLANG_WARN_STRICT_PROTOTYPES = YES;
				CLANG_WARN_SUSPICIOUS_MOVE = YES;
				CLANG_WARN_UNGUARDED_AVAILABILITY = YES_AGGRESSIVE;
				CLANG_WARN_UNREACHABLE_CODE = YES;
				CLANG_WARN__DUPLICATE_METHOD_MATCH = YES;
				CODE_SIGN_IDENTITY = "iPhone Developer";
				COPY_PHASE_STRIP = NO;
				DEBUG_INFORMATION_FORMAT = "dwarf-with-dsym";
				ENABLE_NS_ASSERTIONS = NO;
				ENABLE_STRICT_OBJC_MSGSEND = YES;
				GCC_C_LANGUAGE_STANDARD = gnu11;
				GCC_NO_COMMON_BLOCKS = YES;
				GCC_WARN_64_TO_32_BIT_CONVERSION = YES;
				GCC_WARN_ABOUT_RETURN_TYPE = YES_ERROR;
				GCC_WARN_UNDECLARED_SELECTOR = YES;
				GCC_WARN_UNINITIALIZED_AUTOS = YES_AGGRESSIVE;
				GCC_WARN_UNUSED_FUNCTION = YES;
				GCC_WARN_UNUSED_VARIABLE = YES;
				IPHONEOS_DEPLOYMENT_TARGET = 11.1;
				MTL_ENABLE_DEBUG_INFO = NO;
				SDKROOT = iphoneos;
				VALIDATE_PRODUCT = YES;
			};
			name = Release;
		};
		8468DEEA1FC45B79006A239E /* Debug */ = {
			isa = XCBuildConfiguration;
			baseConfigurationReference = 49E796FE71C1EF2E74594D4B /* Pods-StudyGolang.debug.xcconfig */;
			buildSettings = {
				ASSETCATALOG_COMPILER_APPICON_NAME = AppIcon;
				CODE_SIGN_STYLE = Automatic;
				DEVELOPMENT_TEAM = 8T4UHZ99PF;
				GCC_PRECOMPILE_PREFIX_HEADER = YES;
				GCC_PREFIX_HEADER = "$(SRCROOT)/StudyGolang/Other/SGPrefix.pch";
				INFOPLIST_FILE = StudyGolang/Info.plist;
				IPHONEOS_DEPLOYMENT_TARGET = 8.0;
				LD_RUNPATH_SEARCH_PATHS = "$(inherited) @executable_path/Frameworks";
				PRODUCT_BUNDLE_IDENTIFIER = com.admin.StudyGolang;
				PRODUCT_NAME = "$(TARGET_NAME)";
				TARGETED_DEVICE_FAMILY = 1;
			};
			name = Debug;
		};
		8468DEEB1FC45B79006A239E /* Release */ = {
			isa = XCBuildConfiguration;
			baseConfigurationReference = 1CB785E32DE1EE49C69A7998 /* Pods-StudyGolang.release.xcconfig */;
			buildSettings = {
				ASSETCATALOG_COMPILER_APPICON_NAME = AppIcon;
				CODE_SIGN_STYLE = Automatic;
				DEVELOPMENT_TEAM = 8T4UHZ99PF;
				GCC_PRECOMPILE_PREFIX_HEADER = YES;
				GCC_PREFIX_HEADER = "$(SRCROOT)/StudyGolang/Other/SGPrefix.pch";
				INFOPLIST_FILE = StudyGolang/Info.plist;
				IPHONEOS_DEPLOYMENT_TARGET = 8.0;
				LD_RUNPATH_SEARCH_PATHS = "$(inherited) @executable_path/Frameworks";
				PRODUCT_BUNDLE_IDENTIFIER = com.admin.StudyGolang;
				PRODUCT_NAME = "$(TARGET_NAME)";
				TARGETED_DEVICE_FAMILY = 1;
			};
			name = Release;
		};
/* End XCBuildConfiguration section */

/* Begin XCConfigurationList section */
		8468DECE1FC45B78006A239E /* Build configuration list for PBXProject "StudyGolang" */ = {
			isa = XCConfigurationList;
			buildConfigurations = (
				8468DEE71FC45B79006A239E /* Debug */,
				8468DEE81FC45B79006A239E /* Release */,
			);
			defaultConfigurationIsVisible = 0;
			defaultConfigurationName = Release;
		};
		8468DEE91FC45B79006A239E /* Build configuration list for PBXNativeTarget "StudyGolang" */ = {
			isa = XCConfigurationList;
			buildConfigurations = (
				8468DEEA1FC45B79006A239E /* Debug */,
				8468DEEB1FC45B79006A239E /* Release */,
			);
			defaultConfigurationIsVisible = 0;
			defaultConfigurationName = Release;
		};
/* End XCConfigurationList section */
	};
	rootObject = 8468DECB1FC45B78006A239E /* Project object */;
}
